
Microsoft Visual Studio Solution File, Format Version 12.00
# Visual Studio Version 17
VisualStudioVersion = 17.0.31903.59
MinimumVisualStudioVersion = 10.0.40219.1
Project("{FAE04EC0-301F-11D3-BF4B-00C04F79EFBC}") = "RootAlert", "RootAlert\RootAlert.csproj", "{3CD1FFFB-192F-420C-B6A2-8517635CD556}"
EndProject
Project("{FAE04EC0-301F-11D3-BF4B-00C04F79EFBC}") = "RootAlertSampleAPI", "RootAlertSampleAPI\RootAlertSampleAPI.csproj", "{C90CA748-DA44-4704-8F67-27406F00C18F}"
EndProject
Project("{FAE04EC0-301F-11D3-BF4B-00C04F79EFBC}") = "RootAlert.Redis", "RootAlert.Redis\RootAlert.Redis.csproj", "{9C6FF935-0E5F-4DA3-9989-10D670B779A5}"
EndProject
Project("{FAE04EC0-301F-11D3-BF4B-00C04F79EFBC}") = "RootAlert.MSSQL", "RootAlert.MSSQL\RootAlert.MSSQL.csproj", "{6DB57F69-80CD-481F-B9C0-8F88F31BCB3A}"
EndProject
Project("{FAE04EC0-301F-11D3-BF4B-00C04F79EFBC}") = "RootAlert.Tests", "RootAlert.Tests\RootAlert.Tests.csproj", "{F9680B3D-8AE3-4071-8E9F-C3429246D33A}"
EndProject
Global
	GlobalSection(SolutionConfigurationPlatforms) = preSolution
		Debug|Any CPU = Debug|Any CPU
		Release|Any CPU = Release|Any CPU
	EndGlobalSection
	GlobalSection(ProjectConfigurationPlatforms) = postSolution
		{3CD1FFFB-192F-420C-B6A2-8517635CD556}.Debug|Any CPU.ActiveCfg = Debug|Any CPU
		{3CD1FFFB-192F-420C-B6A2-8517635CD556}.Debug|Any CPU.Build.0 = Debug|Any CPU
		{3CD1FFFB-192F-420C-B6A2-8517635CD556}.Release|Any CPU.ActiveCfg = Release|Any CPU
		{3CD1FFFB-192F-420C-B6A2-8517635CD556}.Release|Any CPU.Build.0 = Release|Any CPU
		{C90CA748-DA44-4704-8F67-27406F00C18F}.Debug|Any CPU.ActiveCfg = Debug|Any CPU
		{C90CA748-DA44-4704-8F67-27406F00C18F}.Debug|Any CPU.Build.0 = Debug|Any CPU
		{C90CA748-DA44-4704-8F67-27406F00C18F}.Release|Any CPU.ActiveCfg = Release|Any CPU
		{C90CA748-DA44-4704-8F67-27406F00C18F}.Release|Any CPU.Build.0 = Release|Any CPU
		{9C6FF935-0E5F-4DA3-9989-10D670B779A5}.Debug|Any CPU.ActiveCfg = Debug|Any CPU
		{9C6FF935-0E5F-4DA3-9989-10D670B779A5}.Debug|Any CPU.Build.0 = Debug|Any CPU
		{9C6FF935-0E5F-4DA3-9989-10D670B779A5}.Release|Any CPU.ActiveCfg = Release|Any CPU
		{9C6FF935-0E5F-4DA3-9989-10D670B779A5}.Release|Any CPU.Build.0 = Release|Any CPU
		{6DB57F69-80CD-481F-B9C0-8F88F31BCB3A}.Debug|Any CPU.ActiveCfg = Debug|Any CPU
		{6DB57F69-80CD-481F-B9C0-8F88F31BCB3A}.Debug|Any CPU.Build.0 = Debug|Any CPU
		{6DB57F69-80CD-481F-B9C0-8F88F31BCB3A}.Release|Any CPU.ActiveCfg = Release|Any CPU
		{6DB57F69-80CD-481F-B9C0-8F88F31BCB3A}.Release|Any CPU.Build.0 = Release|Any CPU
		{F9680B3D-8AE3-4071-8E9F-C3429246D33A}.Debug|Any CPU.ActiveCfg = Debug|Any CPU
		{F9680B3D-8AE3-4071-8E9F-C3429246D33A}.Debug|Any CPU.Build.0 = Debug|Any CPU
		{F9680B3D-8AE3-4071-8E9F-C3429246D33A}.Release|Any CPU.ActiveCfg = Release|Any CPU
		{F9680B3D-8AE3-4071-8E9F-C3429246D33A}.Release|Any CPU.Build.0 = Release|Any CPU
	EndGlobalSection
	GlobalSection(SolutionProperties) = preSolution
		HideSolutionNode = FALSE
	EndGlobalSection
EndGlobal
